// !$*UTF8*$!
{
	archiveVersion = 1;
	classes = {
	};
	objectVersion = 56;
	objects = {

/* Begin PBXBuildFile section */
		2A014D0E2A71CBFC00C721C1 /* LoginSignupViewController.swift in Sources */ = {isa = PBXBuildFile; fileRef = 2A014D0D2A71CBFC00C721C1 /* LoginSignupViewController.swift */; };
		2A014D122A71CC4200C721C1 /* CustomLoginInnerButton.swift in Sources */ = {isa = PBXBuildFile; fileRef = 2A014D112A71CC4200C721C1 /* CustomLoginInnerButton.swift */; };
		2A014D142A71CDD600C721C1 /* LoginScreen.storyboard in Resources */ = {isa = PBXBuildFile; fileRef = 2A014D132A71CDD600C721C1 /* LoginScreen.storyboard */; };
		2A014D162A71CDDE00C721C1 /* LoginViewController.swift in Sources */ = {isa = PBXBuildFile; fileRef = 2A014D152A71CDDE00C721C1 /* LoginViewController.swift */; };
		2A014D182A71CDE600C721C1 /* TextField+extension.swift in Sources */ = {isa = PBXBuildFile; fileRef = 2A014D172A71CDE600C721C1 /* TextField+extension.swift */; };
		2A0BD8312A688D4500A8A80E /* AppDelegate.swift in Sources */ = {isa = PBXBuildFile; fileRef = 2A0BD8302A688D4500A8A80E /* AppDelegate.swift */; };
		2A0BD8332A688D4500A8A80E /* SceneDelegate.swift in Sources */ = {isa = PBXBuildFile; fileRef = 2A0BD8322A688D4500A8A80E /* SceneDelegate.swift */; };
		2A0BD8352A688D4500A8A80E /* ViewController.swift in Sources */ = {isa = PBXBuildFile; fileRef = 2A0BD8342A688D4500A8A80E /* ViewController.swift */; };
		2A0BD8382A688D4500A8A80E /* Main.storyboard in Resources */ = {isa = PBXBuildFile; fileRef = 2A0BD8362A688D4500A8A80E /* Main.storyboard */; };
		2A0BD83A2A688D4700A8A80E /* Assets.xcassets in Resources */ = {isa = PBXBuildFile; fileRef = 2A0BD8392A688D4700A8A80E /* Assets.xcassets */; };
		2A0BD83D2A688D4700A8A80E /* LaunchScreen.storyboard in Resources */ = {isa = PBXBuildFile; fileRef = 2A0BD83B2A688D4700A8A80E /* LaunchScreen.storyboard */; };
		2AEC8AC02A6F2AB1003AAEC1 /* OTPTextFieldExtension.swift in Sources */ = {isa = PBXBuildFile; fileRef = 2AEC8ABD2A6F2AB1003AAEC1 /* OTPTextFieldExtension.swift */; };
		2AEC8AC12A6F2AB1003AAEC1 /* OTPStoryboard.storyboard in Resources */ = {isa = PBXBuildFile; fileRef = 2AEC8ABE2A6F2AB1003AAEC1 /* OTPStoryboard.storyboard */; };
		2AEC8AC22A6F2AB1003AAEC1 /* OTPViewController.swift in Sources */ = {isa = PBXBuildFile; fileRef = 2AEC8ABF2A6F2AB1003AAEC1 /* OTPViewController.swift */; };
		2C7E155D2A7283D900ABF8D4 /* HomeViewController.swift in Sources */ = {isa = PBXBuildFile; fileRef = 2C7E155C2A7283D900ABF8D4 /* HomeViewController.swift */; };
		2C7E155F2A72840400ABF8D4 /* HomeScreenTopPartStoryboard.storyboard in Resources */ = {isa = PBXBuildFile; fileRef = 2C7E155E2A72840400ABF8D4 /* HomeScreenTopPartStoryboard.storyboard */; };
		41EB33E82A733A9000757FD1 /* Inputfield+extension.swift in Sources */ = {isa = PBXBuildFile; fileRef = 41EB33E72A733A9000757FD1 /* Inputfield+extension.swift */; };
		882D12BF2A6C8D3300546A99 /* CartAnimationStoryboard.storyboard in Resources */ = {isa = PBXBuildFile; fileRef = 882D12BE2A6C8D3200546A99 /* CartAnimationStoryboard.storyboard */; };
		882D12C12A6C8D7100546A99 /* CartAnimationViewController.swift in Sources */ = {isa = PBXBuildFile; fileRef = 882D12C02A6C8D7100546A99 /* CartAnimationViewController.swift */; };
		88355F292A6E95EF004A96A3 /* CartAnimationExtenstion.swift in Sources */ = {isa = PBXBuildFile; fileRef = 88355F282A6E95EF004A96A3 /* CartAnimationExtenstion.swift */; };
		8C1D43942A6D29CE00DE5FF7 /* CustomButton.swift in Sources */ = {isa = PBXBuildFile; fileRef = 8C1D43932A6D29CE00DE5FF7 /* CustomButton.swift */; };
		8C1D439A2A6D2D7100DE5FF7 /* TermsViewController.swift in Sources */ = {isa = PBXBuildFile; fileRef = 8C1D43992A6D2D7100DE5FF7 /* TermsViewController.swift */; };
		8C1D439C2A6EAA0000DE5FF7 /* CustomButtonView.swift in Sources */ = {isa = PBXBuildFile; fileRef = 8C1D439B2A6EA9FF00DE5FF7 /* CustomButtonView.swift */; };
		8C1D439E2A6EFF6D00DE5FF7 /* TermsExtension.swift in Sources */ = {isa = PBXBuildFile; fileRef = 8C1D439D2A6EFF6D00DE5FF7 /* TermsExtension.swift */; };
		8C935B862A7288F500162847 /* CreateAccount.storyboard in Resources */ = {isa = PBXBuildFile; fileRef = 8C935B852A7288F500162847 /* CreateAccount.storyboard */; };
		8C935B882A72890100162847 /* CreateAccountViewController.swift in Sources */ = {isa = PBXBuildFile; fileRef = 8C935B872A72890100162847 /* CreateAccountViewController.swift */; };
		8C935B8A2A72890A00162847 /* Keyboard+extension.swift in Sources */ = {isa = PBXBuildFile; fileRef = 8C935B892A72890A00162847 /* Keyboard+extension.swift */; };
		8CDB15452A753428007D7F7B /* OnBoardingViewController.swift in Sources */ = {isa = PBXBuildFile; fileRef = 8CDB15442A753428007D7F7B /* OnBoardingViewController.swift */; };
		8CDB15472A753442007D7F7B /* OnBoardingPageViewController.swift in Sources */ = {isa = PBXBuildFile; fileRef = 8CDB15462A753442007D7F7B /* OnBoardingPageViewController.swift */; };
		8CDB154B2A7555BB007D7F7B /* PageViewController+extension.swift in Sources */ = {isa = PBXBuildFile; fileRef = 8CDB154A2A7555BB007D7F7B /* PageViewController+extension.swift */; };
		8CDB154F2A75C99D007D7F7B /* LoginSignupStoryboard.storyboard in Resources */ = {isa = PBXBuildFile; fileRef = 2A014D0F2A71CBFF00C721C1 /* LoginSignupStoryboard.storyboard */; };
		8CE8B3822A6C5F0E00E46756 /* TermsStoryBoard.storyboard in Resources */ = {isa = PBXBuildFile; fileRef = 8CE8B3802A6C5F0E00E46756 /* TermsStoryBoard.storyboard */; };
/* End PBXBuildFile section */

/* Begin PBXFileReference section */
		2A014D0D2A71CBFC00C721C1 /* LoginSignupViewController.swift */ = {isa = PBXFileReference; lastKnownFileType = sourcecode.swift; path = LoginSignupViewController.swift; sourceTree = "<group>"; };
		2A014D0F2A71CBFF00C721C1 /* LoginSignupStoryboard.storyboard */ = {isa = PBXFileReference; lastKnownFileType = file.storyboard; path = LoginSignupStoryboard.storyboard; sourceTree = "<group>"; };
		2A014D112A71CC4200C721C1 /* CustomLoginInnerButton.swift */ = {isa = PBXFileReference; lastKnownFileType = sourcecode.swift; path = CustomLoginInnerButton.swift; sourceTree = "<group>"; };
		2A014D132A71CDD600C721C1 /* LoginScreen.storyboard */ = {isa = PBXFileReference; fileEncoding = 4; lastKnownFileType = file.storyboard; path = LoginScreen.storyboard; sourceTree = "<group>"; };
		2A014D152A71CDDE00C721C1 /* LoginViewController.swift */ = {isa = PBXFileReference; fileEncoding = 4; lastKnownFileType = sourcecode.swift; path = LoginViewController.swift; sourceTree = "<group>"; };
		2A014D172A71CDE600C721C1 /* TextField+extension.swift */ = {isa = PBXFileReference; fileEncoding = 4; lastKnownFileType = sourcecode.swift; path = "TextField+extension.swift"; sourceTree = "<group>"; };
		2A0BD82D2A688D4500A8A80E /* ShopGo.app */ = {isa = PBXFileReference; explicitFileType = wrapper.application; includeInIndex = 0; path = ShopGo.app; sourceTree = BUILT_PRODUCTS_DIR; };
		2A0BD8302A688D4500A8A80E /* AppDelegate.swift */ = {isa = PBXFileReference; lastKnownFileType = sourcecode.swift; path = AppDelegate.swift; sourceTree = "<group>"; };
		2A0BD8322A688D4500A8A80E /* SceneDelegate.swift */ = {isa = PBXFileReference; lastKnownFileType = sourcecode.swift; path = SceneDelegate.swift; sourceTree = "<group>"; };
		2A0BD8342A688D4500A8A80E /* ViewController.swift */ = {isa = PBXFileReference; lastKnownFileType = sourcecode.swift; path = ViewController.swift; sourceTree = "<group>"; };
		2A0BD8372A688D4500A8A80E /* Base */ = {isa = PBXFileReference; lastKnownFileType = file.storyboard; name = Base; path = Base.lproj/Main.storyboard; sourceTree = "<group>"; };
		2A0BD8392A688D4700A8A80E /* Assets.xcassets */ = {isa = PBXFileReference; lastKnownFileType = folder.assetcatalog; path = Assets.xcassets; sourceTree = "<group>"; };
		2A0BD83C2A688D4700A8A80E /* Base */ = {isa = PBXFileReference; lastKnownFileType = file.storyboard; name = Base; path = Base.lproj/LaunchScreen.storyboard; sourceTree = "<group>"; };
		2A0BD83E2A688D4700A8A80E /* Info.plist */ = {isa = PBXFileReference; lastKnownFileType = text.plist.xml; path = Info.plist; sourceTree = "<group>"; };
		2AEC8ABD2A6F2AB1003AAEC1 /* OTPTextFieldExtension.swift */ = {isa = PBXFileReference; fileEncoding = 4; lastKnownFileType = sourcecode.swift; path = OTPTextFieldExtension.swift; sourceTree = "<group>"; };
		2AEC8ABE2A6F2AB1003AAEC1 /* OTPStoryboard.storyboard */ = {isa = PBXFileReference; fileEncoding = 4; lastKnownFileType = file.storyboard; path = OTPStoryboard.storyboard; sourceTree = "<group>"; };
		2AEC8ABF2A6F2AB1003AAEC1 /* OTPViewController.swift */ = {isa = PBXFileReference; fileEncoding = 4; lastKnownFileType = sourcecode.swift; path = OTPViewController.swift; sourceTree = "<group>"; };
		2C7E155C2A7283D900ABF8D4 /* HomeViewController.swift */ = {isa = PBXFileReference; lastKnownFileType = sourcecode.swift; path = HomeViewController.swift; sourceTree = "<group>"; };
		2C7E155E2A72840400ABF8D4 /* HomeScreenTopPartStoryboard.storyboard */ = {isa = PBXFileReference; lastKnownFileType = file.storyboard; path = HomeScreenTopPartStoryboard.storyboard; sourceTree = "<group>"; };
		41EB33E72A733A9000757FD1 /* Inputfield+extension.swift */ = {isa = PBXFileReference; lastKnownFileType = sourcecode.swift; path = "Inputfield+extension.swift"; sourceTree = "<group>"; };
		882D12BE2A6C8D3200546A99 /* CartAnimationStoryboard.storyboard */ = {isa = PBXFileReference; lastKnownFileType = file.storyboard; path = CartAnimationStoryboard.storyboard; sourceTree = "<group>"; };
		882D12C02A6C8D7100546A99 /* CartAnimationViewController.swift */ = {isa = PBXFileReference; lastKnownFileType = sourcecode.swift; path = CartAnimationViewController.swift; sourceTree = "<group>"; };
		88355F282A6E95EF004A96A3 /* CartAnimationExtenstion.swift */ = {isa = PBXFileReference; lastKnownFileType = sourcecode.swift; path = CartAnimationExtenstion.swift; sourceTree = "<group>"; };
		8C1D43932A6D29CE00DE5FF7 /* CustomButton.swift */ = {isa = PBXFileReference; lastKnownFileType = sourcecode.swift; path = CustomButton.swift; sourceTree = "<group>"; };
		8C1D43992A6D2D7100DE5FF7 /* TermsViewController.swift */ = {isa = PBXFileReference; lastKnownFileType = sourcecode.swift; path = TermsViewController.swift; sourceTree = "<group>"; };
		8C1D439B2A6EA9FF00DE5FF7 /* CustomButtonView.swift */ = {isa = PBXFileReference; lastKnownFileType = sourcecode.swift; path = CustomButtonView.swift; sourceTree = "<group>"; };
		8C1D439D2A6EFF6D00DE5FF7 /* TermsExtension.swift */ = {isa = PBXFileReference; lastKnownFileType = sourcecode.swift; path = TermsExtension.swift; sourceTree = "<group>"; };
		8C935B852A7288F500162847 /* CreateAccount.storyboard */ = {isa = PBXFileReference; fileEncoding = 4; lastKnownFileType = file.storyboard; path = CreateAccount.storyboard; sourceTree = "<group>"; };
		8C935B872A72890100162847 /* CreateAccountViewController.swift */ = {isa = PBXFileReference; fileEncoding = 4; lastKnownFileType = sourcecode.swift; path = CreateAccountViewController.swift; sourceTree = "<group>"; };
		8C935B892A72890A00162847 /* Keyboard+extension.swift */ = {isa = PBXFileReference; fileEncoding = 4; lastKnownFileType = sourcecode.swift; path = "Keyboard+extension.swift"; sourceTree = "<group>"; };
		8CDB15442A753428007D7F7B /* OnBoardingViewController.swift */ = {isa = PBXFileReference; lastKnownFileType = sourcecode.swift; path = OnBoardingViewController.swift; sourceTree = "<group>"; };
		8CDB15462A753442007D7F7B /* OnBoardingPageViewController.swift */ = {isa = PBXFileReference; lastKnownFileType = sourcecode.swift; path = OnBoardingPageViewController.swift; sourceTree = "<group>"; };
		8CDB154A2A7555BB007D7F7B /* PageViewController+extension.swift */ = {isa = PBXFileReference; lastKnownFileType = sourcecode.swift; path = "PageViewController+extension.swift"; sourceTree = "<group>"; };
		8CE8B3802A6C5F0E00E46756 /* TermsStoryBoard.storyboard */ = {isa = PBXFileReference; fileEncoding = 4; lastKnownFileType = file.storyboard; path = TermsStoryBoard.storyboard; sourceTree = "<group>"; };
/* End PBXFileReference section */

/* Begin PBXFrameworksBuildPhase section */
		2A0BD82A2A688D4500A8A80E /* Frameworks */ = {
			isa = PBXFrameworksBuildPhase;
			buildActionMask = 2147483647;
			files = (
			);
			runOnlyForDeploymentPostprocessing = 0;
		};
/* End PBXFrameworksBuildPhase section */

/* Begin PBXGroup section */
		2A014D102A71CC0B00C721C1 /* LoginSignup */ = {
			isa = PBXGroup;
			children = (
				2A014D0D2A71CBFC00C721C1 /* LoginSignupViewController.swift */,
				2A014D0F2A71CBFF00C721C1 /* LoginSignupStoryboard.storyboard */,
			);
			path = LoginSignup;
			sourceTree = "<group>";
		};
		2A014D192A71CE0400C721C1 /* Login */ = {
			isa = PBXGroup;
			children = (
				2A014D152A71CDDE00C721C1 /* LoginViewController.swift */,
				2A014D172A71CDE600C721C1 /* TextField+extension.swift */,
				2A014D132A71CDD600C721C1 /* LoginScreen.storyboard */,
			);
			path = Login;
			sourceTree = "<group>";
		};
		2A0BD8242A688D4500A8A80E = {
			isa = PBXGroup;
			children = (
				2A0BD82F2A688D4500A8A80E /* ShopGo */,
				2A0BD82E2A688D4500A8A80E /* Products */,
			);
			sourceTree = "<group>";
		};
		2A0BD82E2A688D4500A8A80E /* Products */ = {
			isa = PBXGroup;
			children = (
				2A0BD82D2A688D4500A8A80E /* ShopGo.app */,
			);
			name = Products;
			sourceTree = "<group>";
		};
		2A0BD82F2A688D4500A8A80E /* ShopGo */ = {
			isa = PBXGroup;
			children = (
				2A0BD8302A688D4500A8A80E /* AppDelegate.swift */,
				2A0BD8322A688D4500A8A80E /* SceneDelegate.swift */,
				8CDB15492A753469007D7F7B /* OnBoardingScreen */,
				8C935B8B2A72891400162847 /* CreateAccount */,
				2A014D192A71CE0400C721C1 /* Login */,
				2A8C35012A6F2AE5007B3456 /* Main */,
				2A8C35002A6F2AD2007B3456 /* OTP */,
				8CE8B37E2A6C5F0E00E46756 /* Terms&CondtionScreens */,
				2A8C35022A6F2AF5007B3456 /* Custom Button */,
				2A014D102A71CC0B00C721C1 /* LoginSignup */,
				2C7E155B2A72839100ABF8D4 /* HomeScreen */,
				2A0BD8392A688D4700A8A80E /* Assets.xcassets */,
				2A0BD83B2A688D4700A8A80E /* LaunchScreen.storyboard */,
				2A0BD83E2A688D4700A8A80E /* Info.plist */,
				88355F2B2A6E9742004A96A3 /* CartAnimationFiles */,
			);
			path = ShopGo;
			sourceTree = "<group>";
		};
		2A8C35002A6F2AD2007B3456 /* OTP */ = {
			isa = PBXGroup;
			children = (
				2AEC8ABE2A6F2AB1003AAEC1 /* OTPStoryboard.storyboard */,
				2AEC8ABD2A6F2AB1003AAEC1 /* OTPTextFieldExtension.swift */,
				2AEC8ABF2A6F2AB1003AAEC1 /* OTPViewController.swift */,
			);
			path = OTP;
			sourceTree = "<group>";
		};
		2A8C35012A6F2AE5007B3456 /* Main */ = {
			isa = PBXGroup;
			children = (
				2A0BD8342A688D4500A8A80E /* ViewController.swift */,
				2A0BD8362A688D4500A8A80E /* Main.storyboard */,
			);
			path = Main;
			sourceTree = "<group>";
		};
		2A8C35022A6F2AF5007B3456 /* Custom Button */ = {
			isa = PBXGroup;
			children = (
				2A014D112A71CC4200C721C1 /* CustomLoginInnerButton.swift */,
				8C1D43932A6D29CE00DE5FF7 /* CustomButton.swift */,
				8C1D439B2A6EA9FF00DE5FF7 /* CustomButtonView.swift */,
			);
			path = "Custom Button";
			sourceTree = "<group>";
		};
		2C7E155B2A72839100ABF8D4 /* HomeScreen */ = {
			isa = PBXGroup;
			children = (
				2C7E155C2A7283D900ABF8D4 /* HomeViewController.swift */,
				2C7E155E2A72840400ABF8D4 /* HomeScreenTopPartStoryboard.storyboard */,
			);
			path = HomeScreen;
			sourceTree = "<group>";
		};
		88355F2B2A6E9742004A96A3 /* CartAnimationFiles */ = {
			isa = PBXGroup;
			children = (
				88355F282A6E95EF004A96A3 /* CartAnimationExtenstion.swift */,
				882D12C02A6C8D7100546A99 /* CartAnimationViewController.swift */,
				882D12BE2A6C8D3200546A99 /* CartAnimationStoryboard.storyboard */,
			);
			path = CartAnimationFiles;
			sourceTree = "<group>";
		};
		8C935B8B2A72891400162847 /* CreateAccount */ = {
			isa = PBXGroup;
			children = (
				8C935B852A7288F500162847 /* CreateAccount.storyboard */,
				8C935B872A72890100162847 /* CreateAccountViewController.swift */,
				8C935B892A72890A00162847 /* Keyboard+extension.swift */,
				41EB33E72A733A9000757FD1 /* Inputfield+extension.swift */,
			);
			path = CreateAccount;
			sourceTree = "<group>";
		};
		8CDB15492A753469007D7F7B /* OnBoardingScreen */ = {
			isa = PBXGroup;
			children = (
				8CDB15442A753428007D7F7B /* OnBoardingViewController.swift */,
				8CDB15462A753442007D7F7B /* OnBoardingPageViewController.swift */,
				8CDB154A2A7555BB007D7F7B /* PageViewController+extension.swift */,
			);
			path = OnBoardingScreen;
			sourceTree = "<group>";
		};
		8CE8B37E2A6C5F0E00E46756 /* Terms&CondtionScreens */ = {
			isa = PBXGroup;
			children = (
				8CE8B3802A6C5F0E00E46756 /* TermsStoryBoard.storyboard */,
				8C1D43992A6D2D7100DE5FF7 /* TermsViewController.swift */,
				8C1D439D2A6EFF6D00DE5FF7 /* TermsExtension.swift */,
			);
			path = "Terms&CondtionScreens";
			sourceTree = "<group>";
		};
/* End PBXGroup section */

/* Begin PBXNativeTarget section */
		2A0BD82C2A688D4500A8A80E /* ShopGo */ = {
			isa = PBXNativeTarget;
			buildConfigurationList = 2A0BD8412A688D4700A8A80E /* Build configuration list for PBXNativeTarget "ShopGo" */;
			buildPhases = (
				2A0BD8292A688D4500A8A80E /* Sources */,
				2A0BD82A2A688D4500A8A80E /* Frameworks */,
				2A0BD82B2A688D4500A8A80E /* Resources */,
			);
			buildRules = (
			);
			dependencies = (
			);
			name = ShopGo;
			productName = ShopGo;
			productReference = 2A0BD82D2A688D4500A8A80E /* ShopGo.app */;
			productType = "com.apple.product-type.application";
		};
/* End PBXNativeTarget section */

/* Begin PBXProject section */
		2A0BD8252A688D4500A8A80E /* Project object */ = {
			isa = PBXProject;
			attributes = {
				BuildIndependentTargetsInParallel = 1;
				LastSwiftUpdateCheck = 1430;
				LastUpgradeCheck = 1430;
				TargetAttributes = {
					2A0BD82C2A688D4500A8A80E = {
						CreatedOnToolsVersion = 14.3.1;
					};
				};
			};
			buildConfigurationList = 2A0BD8282A688D4500A8A80E /* Build configuration list for PBXProject "ShopGo" */;
			compatibilityVersion = "Xcode 14.0";
			developmentRegion = en;
			hasScannedForEncodings = 0;
			knownRegions = (
				en,
				Base,
			);
			mainGroup = 2A0BD8242A688D4500A8A80E;
			productRefGroup = 2A0BD82E2A688D4500A8A80E /* Products */;
			projectDirPath = "";
			projectRoot = "";
			targets = (
				2A0BD82C2A688D4500A8A80E /* ShopGo */,
			);
		};
/* End PBXProject section */

/* Begin PBXResourcesBuildPhase section */
		2A0BD82B2A688D4500A8A80E /* Resources */ = {
			isa = PBXResourcesBuildPhase;
			buildActionMask = 2147483647;
			files = (
				8CDB154F2A75C99D007D7F7B /* LoginSignupStoryboard.storyboard in Resources */,
				8C935B862A7288F500162847 /* CreateAccount.storyboard in Resources */,
				2AEC8AC12A6F2AB1003AAEC1 /* OTPStoryboard.storyboard in Resources */,
				2C7E155F2A72840400ABF8D4 /* HomeScreenTopPartStoryboard.storyboard in Resources */,
				2A014D142A71CDD600C721C1 /* LoginScreen.storyboard in Resources */,
				2A0BD83D2A688D4700A8A80E /* LaunchScreen.storyboard in Resources */,
				8CE8B3822A6C5F0E00E46756 /* TermsStoryBoard.storyboard in Resources */,
				2A0BD83A2A688D4700A8A80E /* Assets.xcassets in Resources */,
				882D12BF2A6C8D3300546A99 /* CartAnimationStoryboard.storyboard in Resources */,
				2A0BD8382A688D4500A8A80E /* Main.storyboard in Resources */,
			);
			runOnlyForDeploymentPostprocessing = 0;
		};
/* End PBXResourcesBuildPhase section */

/* Begin PBXSourcesBuildPhase section */
		2A0BD8292A688D4500A8A80E /* Sources */ = {
			isa = PBXSourcesBuildPhase;
			buildActionMask = 2147483647;
			files = (
				2A014D162A71CDDE00C721C1 /* LoginViewController.swift in Sources */,
				2A0BD8352A688D4500A8A80E /* ViewController.swift in Sources */,
				2C7E155D2A7283D900ABF8D4 /* HomeViewController.swift in Sources */,
				8C1D439E2A6EFF6D00DE5FF7 /* TermsExtension.swift in Sources */,
				88355F292A6E95EF004A96A3 /* CartAnimationExtenstion.swift in Sources */,
				8CDB154B2A7555BB007D7F7B /* PageViewController+extension.swift in Sources */,
				8C935B882A72890100162847 /* CreateAccountViewController.swift in Sources */,
				2A0BD8312A688D4500A8A80E /* AppDelegate.swift in Sources */,
				2A014D182A71CDE600C721C1 /* TextField+extension.swift in Sources */,
				2A014D0E2A71CBFC00C721C1 /* LoginSignupViewController.swift in Sources */,
				2AEC8AC22A6F2AB1003AAEC1 /* OTPViewController.swift in Sources */,
				2A0BD8332A688D4500A8A80E /* SceneDelegate.swift in Sources */,
				2A014D122A71CC4200C721C1 /* CustomLoginInnerButton.swift in Sources */,
				41EB33E82A733A9000757FD1 /* Inputfield+extension.swift in Sources */,
				8CDB15472A753442007D7F7B /* OnBoardingPageViewController.swift in Sources */,
				8C1D439C2A6EAA0000DE5FF7 /* CustomButtonView.swift in Sources */,
				8C935B8A2A72890A00162847 /* Keyboard+extension.swift in Sources */,
				8C1D43942A6D29CE00DE5FF7 /* CustomButton.swift in Sources */,
				8C1D439A2A6D2D7100DE5FF7 /* TermsViewController.swift in Sources */,
				2AEC8AC02A6F2AB1003AAEC1 /* OTPTextFieldExtension.swift in Sources */,
				882D12C12A6C8D7100546A99 /* CartAnimationViewController.swift in Sources */,
				8CDB15452A753428007D7F7B /* OnBoardingViewController.swift in Sources */,
			);
			runOnlyForDeploymentPostprocessing = 0;
		};
/* End PBXSourcesBuildPhase section */

/* Begin PBXVariantGroup section */
		2A0BD8362A688D4500A8A80E /* Main.storyboard */ = {
			isa = PBXVariantGroup;
			children = (
				2A0BD8372A688D4500A8A80E /* Base */,
			);
			name = Main.storyboard;
			sourceTree = "<group>";
		};
		2A0BD83B2A688D4700A8A80E /* LaunchScreen.storyboard */ = {
			isa = PBXVariantGroup;
			children = (
				2A0BD83C2A688D4700A8A80E /* Base */,
			);
			name = LaunchScreen.storyboard;
			sourceTree = "<group>";
		};
/* End PBXVariantGroup section */

/* Begin XCBuildConfiguration section */
		2A0BD83F2A688D4700A8A80E /* Debug */ = {
			isa = XCBuildConfiguration;
			buildSettings = {
				ALWAYS_SEARCH_USER_PATHS = NO;
				CLANG_ANALYZER_NONNULL = YES;
				CLANG_ANALYZER_NUMBER_OBJECT_CONVERSION = YES_AGGRESSIVE;
				CLANG_CXX_LANGUAGE_STANDARD = "gnu++20";
				CLANG_ENABLE_MODULES = YES;
				CLANG_ENABLE_OBJC_ARC = YES;
				CLANG_ENABLE_OBJC_WEAK = YES;
				CLANG_WARN_BLOCK_CAPTURE_AUTORELEASING = YES;
				CLANG_WARN_BOOL_CONVERSION = YES;
				CLANG_WARN_COMMA = YES;
				CLANG_WARN_CONSTANT_CONVERSION = YES;
				CLANG_WARN_DEPRECATED_OBJC_IMPLEMENTATIONS = YES;
				CLANG_WARN_DIRECT_OBJC_ISA_USAGE = YES_ERROR;
				CLANG_WARN_DOCUMENTATION_COMMENTS = YES;
				CLANG_WARN_EMPTY_BODY = YES;
				CLANG_WARN_ENUM_CONVERSION = YES;
				CLANG_WARN_INFINITE_RECURSION = YES;
				CLANG_WARN_INT_CONVERSION = YES;
				CLANG_WARN_NON_LITERAL_NULL_CONVERSION = YES;
				CLANG_WARN_OBJC_IMPLICIT_RETAIN_SELF = YES;
				CLANG_WARN_OBJC_LITERAL_CONVERSION = YES;
				CLANG_WARN_OBJC_ROOT_CLASS = YES_ERROR;
				CLANG_WARN_QUOTED_INCLUDE_IN_FRAMEWORK_HEADER = YES;
				CLANG_WARN_RANGE_LOOP_ANALYSIS = YES;
				CLANG_WARN_STRICT_PROTOTYPES = YES;
				CLANG_WARN_SUSPICIOUS_MOVE = YES;
				CLANG_WARN_UNGUARDED_AVAILABILITY = YES_AGGRESSIVE;
				CLANG_WARN_UNREACHABLE_CODE = YES;
				CLANG_WARN__DUPLICATE_METHOD_MATCH = YES;
				COPY_PHASE_STRIP = NO;
				DEBUG_INFORMATION_FORMAT = dwarf;
				ENABLE_STRICT_OBJC_MSGSEND = YES;
				ENABLE_TESTABILITY = YES;
				GCC_C_LANGUAGE_STANDARD = gnu11;
				GCC_DYNAMIC_NO_PIC = NO;
				GCC_NO_COMMON_BLOCKS = YES;
				GCC_OPTIMIZATION_LEVEL = 0;
				GCC_PREPROCESSOR_DEFINITIONS = (
					"DEBUG=1",
					"$(inherited)",
				);
				GCC_WARN_64_TO_32_BIT_CONVERSION = YES;
				GCC_WARN_ABOUT_RETURN_TYPE = YES_ERROR;
				GCC_WARN_UNDECLARED_SELECTOR = YES;
				GCC_WARN_UNINITIALIZED_AUTOS = YES_AGGRESSIVE;
				GCC_WARN_UNUSED_FUNCTION = YES;
				GCC_WARN_UNUSED_VARIABLE = YES;
				IPHONEOS_DEPLOYMENT_TARGET = 16.4;
				MTL_ENABLE_DEBUG_INFO = INCLUDE_SOURCE;
				MTL_FAST_MATH = YES;
				ONLY_ACTIVE_ARCH = YES;
				SDKROOT = iphoneos;
				SWIFT_ACTIVE_COMPILATION_CONDITIONS = DEBUG;
				SWIFT_OPTIMIZATION_LEVEL = "-Onone";
			};
			name = Debug;
		};
		2A0BD8402A688D4700A8A80E /* Release */ = {
			isa = XCBuildConfiguration;
			buildSettings = {
				ALWAYS_SEARCH_USER_PATHS = NO;
				CLANG_ANALYZER_NONNULL = YES;
				CLANG_ANALYZER_NUMBER_OBJECT_CONVERSION = YES_AGGRESSIVE;
				CLANG_CXX_LANGUAGE_STANDARD = "gnu++20";
				CLANG_ENABLE_MODULES = YES;
				CLANG_ENABLE_OBJC_ARC = YES;
				CLANG_ENABLE_OBJC_WEAK = YES;
				CLANG_WARN_BLOCK_CAPTURE_AUTORELEASING = YES;
				CLANG_WARN_BOOL_CONVERSION = YES;
				CLANG_WARN_COMMA = YES;
				CLANG_WARN_CONSTANT_CONVERSION = YES;
				CLANG_WARN_DEPRECATED_OBJC_IMPLEMENTATIONS = YES;
				CLANG_WARN_DIRECT_OBJC_ISA_USAGE = YES_ERROR;
				CLANG_WARN_DOCUMENTATION_COMMENTS = YES;
				CLANG_WARN_EMPTY_BODY = YES;
				CLANG_WARN_ENUM_CONVERSION = YES;
				CLANG_WARN_INFINITE_RECURSION = YES;
				CLANG_WARN_INT_CONVERSION = YES;
				CLANG_WARN_NON_LITERAL_NULL_CONVERSION = YES;
				CLANG_WARN_OBJC_IMPLICIT_RETAIN_SELF = YES;
				CLANG_WARN_OBJC_LITERAL_CONVERSION = YES;
				CLANG_WARN_OBJC_ROOT_CLASS = YES_ERROR;
				CLANG_WARN_QUOTED_INCLUDE_IN_FRAMEWORK_HEADER = YES;
				CLANG_WARN_RANGE_LOOP_ANALYSIS = YES;
				CLANG_WARN_STRICT_PROTOTYPES = YES;
				CLANG_WARN_SUSPICIOUS_MOVE = YES;
				CLANG_WARN_UNGUARDED_AVAILABILITY = YES_AGGRESSIVE;
				CLANG_WARN_UNREACHABLE_CODE = YES;
				CLANG_WARN__DUPLICATE_METHOD_MATCH = YES;
				COPY_PHASE_STRIP = NO;
				DEBUG_INFORMATION_FORMAT = "dwarf-with-dsym";
				ENABLE_NS_ASSERTIONS = NO;
				ENABLE_STRICT_OBJC_MSGSEND = YES;
				GCC_C_LANGUAGE_STANDARD = gnu11;
				GCC_NO_COMMON_BLOCKS = YES;
				GCC_WARN_64_TO_32_BIT_CONVERSION = YES;
				GCC_WARN_ABOUT_RETURN_TYPE = YES_ERROR;
				GCC_WARN_UNDECLARED_SELECTOR = YES;
				GCC_WARN_UNINITIALIZED_AUTOS = YES_AGGRESSIVE;
				GCC_WARN_UNUSED_FUNCTION = YES;
				GCC_WARN_UNUSED_VARIABLE = YES;
				IPHONEOS_DEPLOYMENT_TARGET = 16.4;
				MTL_ENABLE_DEBUG_INFO = NO;
				MTL_FAST_MATH = YES;
				SDKROOT = iphoneos;
				SWIFT_COMPILATION_MODE = wholemodule;
				SWIFT_OPTIMIZATION_LEVEL = "-O";
				VALIDATE_PRODUCT = YES;
			};
			name = Release;
		};
		2A0BD8422A688D4700A8A80E /* Debug */ = {
			isa = XCBuildConfiguration;
			buildSettings = {
				ASSETCATALOG_COMPILER_APPICON_NAME = AppIcon;
				ASSETCATALOG_COMPILER_GLOBAL_ACCENT_COLOR_NAME = AccentColor;
				CODE_SIGN_STYLE = Automatic;
				CURRENT_PROJECT_VERSION = 1;
				GENERATE_INFOPLIST_FILE = YES;
				INFOPLIST_FILE = ShopGo/Info.plist;
				INFOPLIST_KEY_UIApplicationSupportsIndirectInputEvents = YES;
				INFOPLIST_KEY_UILaunchStoryboardName = LaunchScreen;
				INFOPLIST_KEY_UIMainStoryboardFile = Main;
				INFOPLIST_KEY_UISupportedInterfaceOrientations_iPad = "UIInterfaceOrientationPortrait UIInterfaceOrientationPortraitUpsideDown UIInterfaceOrientationLandscapeLeft UIInterfaceOrientationLandscapeRight";
				INFOPLIST_KEY_UISupportedInterfaceOrientations_iPhone = "UIInterfaceOrientationPortrait UIInterfaceOrientationLandscapeLeft UIInterfaceOrientationLandscapeRight";
				LD_RUNPATH_SEARCH_PATHS = (
					"$(inherited)",
					"@executable_path/Frameworks",
				);
				MARKETING_VERSION = 1.0;
				PRODUCT_BUNDLE_IDENTIFIER = com.personalProject.ShopGo;
				PRODUCT_NAME = "$(TARGET_NAME)";
				SWIFT_EMIT_LOC_STRINGS = YES;
				SWIFT_VERSION = 5.0;
				TARGETED_DEVICE_FAMILY = "1,2";
			};
			name = Debug;
		};
		2A0BD8432A688D4700A8A80E /* Release */ = {
			isa = XCBuildConfiguration;
			buildSettings = {
				ASSETCATALOG_COMPILER_APPICON_NAME = AppIcon;
				ASSETCATALOG_COMPILER_GLOBAL_ACCENT_COLOR_NAME = AccentColor;
				CODE_SIGN_STYLE = Automatic;
				CURRENT_PROJECT_VERSION = 1;
				GENERATE_INFOPLIST_FILE = YES;
				INFOPLIST_FILE = ShopGo/Info.plist;
				INFOPLIST_KEY_UIApplicationSupportsIndirectInputEvents = YES;
				INFOPLIST_KEY_UILaunchStoryboardName = LaunchScreen;
				INFOPLIST_KEY_UIMainStoryboardFile = Main;
				INFOPLIST_KEY_UISupportedInterfaceOrientations_iPad = "UIInterfaceOrientationPortrait UIInterfaceOrientationPortraitUpsideDown UIInterfaceOrientationLandscapeLeft UIInterfaceOrientationLandscapeRight";
				INFOPLIST_KEY_UISupportedInterfaceOrientations_iPhone = "UIInterfaceOrientationPortrait UIInterfaceOrientationLandscapeLeft UIInterfaceOrientationLandscapeRight";
				LD_RUNPATH_SEARCH_PATHS = (
					"$(inherited)",
					"@executable_path/Frameworks",
				);
				MARKETING_VERSION = 1.0;
				PRODUCT_BUNDLE_IDENTIFIER = com.personalProject.ShopGo;
				PRODUCT_NAME = "$(TARGET_NAME)";
				SWIFT_EMIT_LOC_STRINGS = YES;
				SWIFT_VERSION = 5.0;
				TARGETED_DEVICE_FAMILY = "1,2";
			};
			name = Release;
		};
/* End XCBuildConfiguration section */

/* Begin XCConfigurationList section */
		2A0BD8282A688D4500A8A80E /* Build configuration list for PBXProject "ShopGo" */ = {
			isa = XCConfigurationList;
			buildConfigurations = (
				2A0BD83F2A688D4700A8A80E /* Debug */,
				2A0BD8402A688D4700A8A80E /* Release */,
			);
			defaultConfigurationIsVisible = 0;
			defaultConfigurationName = Release;
		};
		2A0BD8412A688D4700A8A80E /* Build configuration list for PBXNativeTarget "ShopGo" */ = {
			isa = XCConfigurationList;
			buildConfigurations = (
				2A0BD8422A688D4700A8A80E /* Debug */,
				2A0BD8432A688D4700A8A80E /* Release */,
			);
			defaultConfigurationIsVisible = 0;
			defaultConfigurationName = Release;
		};
/* End XCConfigurationList section */
	};
	rootObject = 2A0BD8252A688D4500A8A80E /* Project object */;
}
